
Microsoft Visual Studio Solution File, Format Version 12.00
# Visual Studio 14
VisualStudioVersion = 14.0.25123.0
MinimumVisualStudioVersion = 10.0.40219.1
Project("{FAE04EC0-301F-11D3-BF4B-00C04F79EFBC}") = "CC", "CC\CC.csproj", "{197C464A-51F6-4AEB-9B0B-B5FEBB603635}"
EndProject
Project("{FAE04EC0-301F-11D3-BF4B-00C04F79EFBC}") = "CC.Core", "CC.Core\CC.Core.csproj", "{A069648D-D5AF-4532-BCB6-07CDB17CB311}"
EndProject
Project("{FAE04EC0-301F-11D3-BF4B-00C04F79EFBC}") = "CC.Tests", "CC.Tests\CC.Tests.csproj", "{CDD218EE-F4D1-4B72-9262-F92741F5E04E}"
EndProject
Project("{FAE04EC0-301F-11D3-BF4B-00C04F79EFBC}") = "CCApp", "CCApp\CCApp.csproj", "{806F63D1-B2F2-4731-A6AD-D8F81F3CF784}"
EndProject
Project("{FAE04EC0-301F-11D3-BF4B-00C04F79EFBC}") = "CC.Core.ViewModels", "CC.Core.ViewModels\CC.Core.ViewModels.csproj", "{3A1858E0-256B-4999-A2F7-88983D8316E5}"
EndProject
Project("{FAE04EC0-301F-11D3-BF4B-00C04F79EFBC}") = "CC.Core.Services", "CC.Core.Services\CC.Core.Services.csproj", "{3AEF86A1-928F-4EFD-A856-F9E280110889}"
EndProject
Global
	GlobalSection(SolutionConfigurationPlatforms) = preSolution
		Debug|Any CPU = Debug|Any CPU
		Debug|ARM = Debug|ARM
		Debug|x64 = Debug|x64
		Debug|x86 = Debug|x86
		Release|Any CPU = Release|Any CPU
		Release|ARM = Release|ARM
		Release|x64 = Release|x64
		Release|x86 = Release|x86
	EndGlobalSection
	GlobalSection(ProjectConfigurationPlatforms) = postSolution
		{197C464A-51F6-4AEB-9B0B-B5FEBB603635}.Debug|Any CPU.ActiveCfg = Debug|Any CPU
		{197C464A-51F6-4AEB-9B0B-B5FEBB603635}.Debug|Any CPU.Build.0 = Debug|Any CPU
		{197C464A-51F6-4AEB-9B0B-B5FEBB603635}.Debug|ARM.ActiveCfg = Debug|Any CPU
		{197C464A-51F6-4AEB-9B0B-B5FEBB603635}.Debug|ARM.Build.0 = Debug|Any CPU
		{197C464A-51F6-4AEB-9B0B-B5FEBB603635}.Debug|x64.ActiveCfg = Debug|Any CPU
		{197C464A-51F6-4AEB-9B0B-B5FEBB603635}.Debug|x64.Build.0 = Debug|Any CPU
		{197C464A-51F6-4AEB-9B0B-B5FEBB603635}.Debug|x86.ActiveCfg = Debug|x86
		{197C464A-51F6-4AEB-9B0B-B5FEBB603635}.Debug|x86.Build.0 = Debug|x86
		{197C464A-51F6-4AEB-9B0B-B5FEBB603635}.Release|Any CPU.ActiveCfg = Release|Any CPU
		{197C464A-51F6-4AEB-9B0B-B5FEBB603635}.Release|Any CPU.Build.0 = Release|Any CPU
		{197C464A-51F6-4AEB-9B0B-B5FEBB603635}.Release|ARM.ActiveCfg = Release|Any CPU
		{197C464A-51F6-4AEB-9B0B-B5FEBB603635}.Release|ARM.Build.0 = Release|Any CPU
		{197C464A-51F6-4AEB-9B0B-B5FEBB603635}.Release|x64.ActiveCfg = Release|Any CPU
		{197C464A-51F6-4AEB-9B0B-B5FEBB603635}.Release|x64.Build.0 = Release|Any CPU
		{197C464A-51F6-4AEB-9B0B-B5FEBB603635}.Release|x86.ActiveCfg = Release|Any CPU
		{197C464A-51F6-4AEB-9B0B-B5FEBB603635}.Release|x86.Build.0 = Release|Any CPU
		{A069648D-D5AF-4532-BCB6-07CDB17CB311}.Debug|Any CPU.ActiveCfg = Debug|Any CPU
		{A069648D-D5AF-4532-BCB6-07CDB17CB311}.Debug|Any CPU.Build.0 = Debug|Any CPU
		{A069648D-D5AF-4532-BCB6-07CDB17CB311}.Debug|ARM.ActiveCfg = Debug|Any CPU
		{A069648D-D5AF-4532-BCB6-07CDB17CB311}.Debug|ARM.Build.0 = Debug|Any CPU
		{A069648D-D5AF-4532-BCB6-07CDB17CB311}.Debug|x64.ActiveCfg = Debug|Any CPU
		{A069648D-D5AF-4532-BCB6-07CDB17CB311}.Debug|x64.Build.0 = Debug|Any CPU
		{A069648D-D5AF-4532-BCB6-07CDB17CB311}.Debug|x86.ActiveCfg = Debug|x86
		{A069648D-D5AF-4532-BCB6-07CDB17CB311}.Debug|x86.Build.0 = Debug|x86
		{A069648D-D5AF-4532-BCB6-07CDB17CB311}.Release|Any CPU.ActiveCfg = Release|Any CPU
		{A069648D-D5AF-4532-BCB6-07CDB17CB311}.Release|Any CPU.Build.0 = Release|Any CPU
		{A069648D-D5AF-4532-BCB6-07CDB17CB311}.Release|ARM.ActiveCfg = Release|Any CPU
		{A069648D-D5AF-4532-BCB6-07CDB17CB311}.Release|ARM.Build.0 = Release|Any CPU
		{A069648D-D5AF-4532-BCB6-07CDB17CB311}.Release|x64.ActiveCfg = Release|Any CPU
		{A069648D-D5AF-4532-BCB6-07CDB17CB311}.Release|x64.Build.0 = Release|Any CPU
		{A069648D-D5AF-4532-BCB6-07CDB17CB311}.Release|x86.ActiveCfg = Release|Any CPU
		{A069648D-D5AF-4532-BCB6-07CDB17CB311}.Release|x86.Build.0 = Release|Any CPU
		{CDD218EE-F4D1-4B72-9262-F92741F5E04E}.Debug|Any CPU.ActiveCfg = Debug|Any CPU
		{CDD218EE-F4D1-4B72-9262-F92741F5E04E}.Debug|ARM.ActiveCfg = Debug|Any CPU
		{CDD218EE-F4D1-4B72-9262-F92741F5E04E}.Debug|ARM.Build.0 = Debug|Any CPU
		{CDD218EE-F4D1-4B72-9262-F92741F5E04E}.Debug|x64.ActiveCfg = Debug|Any CPU
		{CDD218EE-F4D1-4B72-9262-F92741F5E04E}.Debug|x64.Build.0 = Debug|Any CPU
		{CDD218EE-F4D1-4B72-9262-F92741F5E04E}.Debug|x86.ActiveCfg = Debug|x86
		{CDD218EE-F4D1-4B72-9262-F92741F5E04E}.Release|Any CPU.ActiveCfg = Release|Any CPU
		{CDD218EE-F4D1-4B72-9262-F92741F5E04E}.Release|Any CPU.Build.0 = Release|Any CPU
		{CDD218EE-F4D1-4B72-9262-F92741F5E04E}.Release|ARM.ActiveCfg = Release|Any CPU
		{CDD218EE-F4D1-4B72-9262-F92741F5E04E}.Release|ARM.Build.0 = Release|Any CPU
		{CDD218EE-F4D1-4B72-9262-F92741F5E04E}.Release|x64.ActiveCfg = Release|Any CPU
		{CDD218EE-F4D1-4B72-9262-F92741F5E04E}.Release|x64.Build.0 = Release|Any CPU
		{CDD218EE-F4D1-4B72-9262-F92741F5E04E}.Release|x86.ActiveCfg = Release|Any CPU
		{CDD218EE-F4D1-4B72-9262-F92741F5E04E}.Release|x86.Build.0 = Release|Any CPU
		{806F63D1-B2F2-4731-A6AD-D8F81F3CF784}.Debug|Any CPU.ActiveCfg = Debug|Any CPU
		{806F63D1-B2F2-4731-A6AD-D8F81F3CF784}.Debug|Any CPU.Build.0 = Debug|Any CPU
		{806F63D1-B2F2-4731-A6AD-D8F81F3CF784}.Debug|ARM.ActiveCfg = Debug|Any CPU
		{806F63D1-B2F2-4731-A6AD-D8F81F3CF784}.Debug|ARM.Build.0 = Debug|Any CPU
		{806F63D1-B2F2-4731-A6AD-D8F81F3CF784}.Debug|x64.ActiveCfg = Debug|Any CPU
		{806F63D1-B2F2-4731-A6AD-D8F81F3CF784}.Debug|x64.Build.0 = Debug|Any CPU
		{806F63D1-B2F2-4731-A6AD-D8F81F3CF784}.Debug|x86.ActiveCfg = Debug|Any CPU
		{806F63D1-B2F2-4731-A6AD-D8F81F3CF784}.Debug|x86.Build.0 = Debug|Any CPU
		{806F63D1-B2F2-4731-A6AD-D8F81F3CF784}.Release|Any CPU.ActiveCfg = Release|Any CPU
		{806F63D1-B2F2-4731-A6AD-D8F81F3CF784}.Release|Any CPU.Build.0 = Release|Any CPU
		{806F63D1-B2F2-4731-A6AD-D8F81F3CF784}.Release|ARM.ActiveCfg = Release|Any CPU
		{806F63D1-B2F2-4731-A6AD-D8F81F3CF784}.Release|ARM.Build.0 = Release|Any CPU
		{806F63D1-B2F2-4731-A6AD-D8F81F3CF784}.Release|x64.ActiveCfg = Release|Any CPU
		{806F63D1-B2F2-4731-A6AD-D8F81F3CF784}.Release|x64.Build.0 = Release|Any CPU
		{806F63D1-B2F2-4731-A6AD-D8F81F3CF784}.Release|x86.ActiveCfg = Release|Any CPU
		{806F63D1-B2F2-4731-A6AD-D8F81F3CF784}.Release|x86.Build.0 = Release|Any CPU
		{3A1858E0-256B-4999-A2F7-88983D8316E5}.Debug|Any CPU.ActiveCfg = Debug|Any CPU
		{3A1858E0-256B-4999-A2F7-88983D8316E5}.Debug|Any CPU.Build.0 = Debug|Any CPU
		{3A1858E0-256B-4999-A2F7-88983D8316E5}.Debug|ARM.ActiveCfg = Debug|Any CPU
		{3A1858E0-256B-4999-A2F7-88983D8316E5}.Debug|ARM.Build.0 = Debug|Any CPU
		{3A1858E0-256B-4999-A2F7-88983D8316E5}.Debug|x64.ActiveCfg = Debug|Any CPU
		{3A1858E0-256B-4999-A2F7-88983D8316E5}.Debug|x64.Build.0 = Debug|Any CPU
		{3A1858E0-256B-4999-A2F7-88983D8316E5}.Debug|x86.ActiveCfg = Debug|Any CPU
		{3A1858E0-256B-4999-A2F7-88983D8316E5}.Debug|x86.Build.0 = Debug|Any CPU
		{3A1858E0-256B-4999-A2F7-88983D8316E5}.Release|Any CPU.ActiveCfg = Release|Any CPU
		{3A1858E0-256B-4999-A2F7-88983D8316E5}.Release|Any CPU.Build.0 = Release|Any CPU
		{3A1858E0-256B-4999-A2F7-88983D8316E5}.Release|ARM.ActiveCfg = Release|Any CPU
		{3A1858E0-256B-4999-A2F7-88983D8316E5}.Release|ARM.Build.0 = Release|Any CPU
		{3A1858E0-256B-4999-A2F7-88983D8316E5}.Release|x64.ActiveCfg = Release|Any CPU
		{3A1858E0-256B-4999-A2F7-88983D8316E5}.Release|x64.Build.0 = Release|Any CPU
		{3A1858E0-256B-4999-A2F7-88983D8316E5}.Release|x86.ActiveCfg = Release|Any CPU
		{3A1858E0-256B-4999-A2F7-88983D8316E5}.Release|x86.Build.0 = Release|Any CPU
		{3AEF86A1-928F-4EFD-A856-F9E280110889}.Debug|Any CPU.ActiveCfg = Debug|Any CPU
		{3AEF86A1-928F-4EFD-A856-F9E280110889}.Debug|Any CPU.Build.0 = Debug|Any CPU
		{3AEF86A1-928F-4EFD-A856-F9E280110889}.Debug|ARM.ActiveCfg = Debug|Any CPU
		{3AEF86A1-928F-4EFD-A856-F9E280110889}.Debug|ARM.Build.0 = Debug|Any CPU
		{3AEF86A1-928F-4EFD-A856-F9E280110889}.Debug|x64.ActiveCfg = Debug|Any CPU
		{3AEF86A1-928F-4EFD-A856-F9E280110889}.Debug|x64.Build.0 = Debug|Any CPU
		{3AEF86A1-928F-4EFD-A856-F9E280110889}.Debug|x86.ActiveCfg = Debug|Any CPU
		{3AEF86A1-928F-4EFD-A856-F9E280110889}.Debug|x86.Build.0 = Debug|Any CPU
		{3AEF86A1-928F-4EFD-A856-F9E280110889}.Release|Any CPU.ActiveCfg = Release|Any CPU
		{3AEF86A1-928F-4EFD-A856-F9E280110889}.Release|Any CPU.Build.0 = Release|Any CPU
		{3AEF86A1-928F-4EFD-A856-F9E280110889}.Release|ARM.ActiveCfg = Release|Any CPU
		{3AEF86A1-928F-4EFD-A856-F9E280110889}.Release|ARM.Build.0 = Release|Any CPU
		{3AEF86A1-928F-4EFD-A856-F9E280110889}.Release|x64.ActiveCfg = Release|Any CPU
		{3AEF86A1-928F-4EFD-A856-F9E280110889}.Release|x64.Build.0 = Release|Any CPU
		{3AEF86A1-928F-4EFD-A856-F9E280110889}.Release|x86.ActiveCfg = Release|Any CPU
		{3AEF86A1-928F-4EFD-A856-F9E280110889}.Release|x86.Build.0 = Release|Any CPU
	EndGlobalSection
	GlobalSection(SolutionProperties) = preSolution
		HideSolutionNode = FALSE
	EndGlobalSection
EndGlobal
